
Microsoft Visual Studio Solution File, Format Version 12.00
# Visual Studio Version 17
VisualStudioVersion = 17.11.35312.102
MinimumVisualStudioVersion = 10.0.40219.1
Project("{FAE04EC0-301F-11D3-BF4B-00C04F79EFBC}") = "MoroccoCities", "MoroccoCities.csproj", "{ADFA44CC-08D6-4C74-AF65-A4E2DCA5AC31}"
EndProject
Global
	GlobalSection(SolutionConfigurationPlatforms) = preSolution
		Debug|Any CPU = Debug|Any CPU
		Release|Any CPU = Release|Any CPU
	EndGlobalSection
	GlobalSection(ProjectConfigurationPlatforms) = postSolution
		{ADFA44CC-08D6-4C74-AF65-A4E2DCA5AC31}.Debug|Any CPU.ActiveCfg = Debug|Any CPU
		{ADFA44CC-08D6-4C74-AF65-A4E2DCA5AC31}.Debug|Any CPU.Build.0 = Debug|Any CPU
		{ADFA44CC-08D6-4C74-AF65-A4E2DCA5AC31}.Release|Any CPU.ActiveCfg = Release|Any CPU
		{ADFA44CC-08D6-4C74-AF65-A4E2DCA5AC31}.Release|Any CPU.Build.0 = Release|Any CPU
	EndGlobalSection
	GlobalSection(SolutionProperties) = preSolution
		HideSolutionNode = FALSE
	EndGlobalSection
	GlobalSection(ExtensibilityGlobals) = postSolution
		SolutionGuid = {01496483-67AF-408B-B7C8-56E59B5EDCB8}
	EndGlobalSection
EndGlobal
